
Microsoft Visual Studio Solution File, Format Version 12.00
# Visual Studio 15
VisualStudioVersion = 15.0.28010.2050
MinimumVisualStudioVersion = 10.0.40219.1
Project("{9A19103F-16F7-4668-BE54-9A1E7A4F7556}") = "NumSharp.Core", "..\NumSharp\src\NumSharp.Core\NumSharp.Core.csproj", "{E4031B82-16A8-475F-BDC8-AD4CA6D64B76}"
EndProject
Project("{9A19103F-16F7-4668-BE54-9A1E7A4F7556}") = "SciSharpLearn.UnitTest", "test\SciSharpLearn.UnitTest\SciSharpLearn.UnitTest.csproj", "{23DDAF95-7E78-4436-BA18-3E6EC1775CF8}"
EndProject
Project("{9A19103F-16F7-4668-BE54-9A1E7A4F7556}") = "SciSharpLearn.Core", "src\SciSharpLearn.Core\SciSharpLearn.Core.csproj", "{1009DAE0-D2AF-424B-AEE7-2DDD79397754}"
EndProject
Project("{9A19103F-16F7-4668-BE54-9A1E7A4F7556}") = "SciSharp.Core", "..\SciSharp\src\SciSharp.Core\SciSharp.Core.csproj", "{2BEE612C-775F-48FE-AF34-C94129F1DB15}"
EndProject
Global
	GlobalSection(SolutionConfigurationPlatforms) = preSolution
		Debug|Any CPU = Debug|Any CPU
		Release|Any CPU = Release|Any CPU
	EndGlobalSection
	GlobalSection(ProjectConfigurationPlatforms) = postSolution
		{E4031B82-16A8-475F-BDC8-AD4CA6D64B76}.Debug|Any CPU.ActiveCfg = Debug|Any CPU
		{E4031B82-16A8-475F-BDC8-AD4CA6D64B76}.Debug|Any CPU.Build.0 = Debug|Any CPU
		{E4031B82-16A8-475F-BDC8-AD4CA6D64B76}.Release|Any CPU.ActiveCfg = Release|Any CPU
		{E4031B82-16A8-475F-BDC8-AD4CA6D64B76}.Release|Any CPU.Build.0 = Release|Any CPU
		{23DDAF95-7E78-4436-BA18-3E6EC1775CF8}.Debug|Any CPU.ActiveCfg = Debug|Any CPU
		{23DDAF95-7E78-4436-BA18-3E6EC1775CF8}.Debug|Any CPU.Build.0 = Debug|Any CPU
		{23DDAF95-7E78-4436-BA18-3E6EC1775CF8}.Release|Any CPU.ActiveCfg = Release|Any CPU
		{23DDAF95-7E78-4436-BA18-3E6EC1775CF8}.Release|Any CPU.Build.0 = Release|Any CPU
		{1009DAE0-D2AF-424B-AEE7-2DDD79397754}.Debug|Any CPU.ActiveCfg = Debug|Any CPU
		{1009DAE0-D2AF-424B-AEE7-2DDD79397754}.Debug|Any CPU.Build.0 = Debug|Any CPU
		{1009DAE0-D2AF-424B-AEE7-2DDD79397754}.Release|Any CPU.ActiveCfg = Release|Any CPU
		{1009DAE0-D2AF-424B-AEE7-2DDD79397754}.Release|Any CPU.Build.0 = Release|Any CPU
		{2BEE612C-775F-48FE-AF34-C94129F1DB15}.Debug|Any CPU.ActiveCfg = Debug|Any CPU
		{2BEE612C-775F-48FE-AF34-C94129F1DB15}.Debug|Any CPU.Build.0 = Debug|Any CPU
		{2BEE612C-775F-48FE-AF34-C94129F1DB15}.Release|Any CPU.ActiveCfg = Release|Any CPU
		{2BEE612C-775F-48FE-AF34-C94129F1DB15}.Release|Any CPU.Build.0 = Release|Any CPU
	EndGlobalSection
	GlobalSection(SolutionProperties) = preSolution
		HideSolutionNode = FALSE
	EndGlobalSection
	GlobalSection(ExtensibilityGlobals) = postSolution
		SolutionGuid = {30BBAA3F-50DB-449E-A046-4ABD3A0230BD}
	EndGlobalSection
EndGlobal
